
Microsoft Visual Studio Solution File, Format Version 12.00
# Visual Studio Version 16
VisualStudioVersion = 16.0.31911.196
MinimumVisualStudioVersion = 10.0.40219.1
Project("{FAE04EC0-301F-11D3-BF4B-00C04F79EFBC}") = "CoursesPlatform", "CoursesPlatform\CoursesPlatform.csproj", "{24DFA6DE-AB38-4785-A2AD-15B6AE29B1DD}"
EndProject
Project("{FAE04EC0-301F-11D3-BF4B-00C04F79EFBC}") = "CoursesPlatform.Tests", "CoursesPlatform.Tests\CoursesPlatform.Tests.csproj", "{F38526D7-BC6F-482B-A2CE-83DECD1168F7}"
EndProject
Global
	GlobalSection(SolutionConfigurationPlatforms) = preSolution
		Debug|Any CPU = Debug|Any CPU
		Release|Any CPU = Release|Any CPU
	EndGlobalSection
	GlobalSection(ProjectConfigurationPlatforms) = postSolution
		{24DFA6DE-AB38-4785-A2AD-15B6AE29B1DD}.Debug|Any CPU.ActiveCfg = Debug|Any CPU
		{24DFA6DE-AB38-4785-A2AD-15B6AE29B1DD}.Debug|Any CPU.Build.0 = Debug|Any CPU
		{24DFA6DE-AB38-4785-A2AD-15B6AE29B1DD}.Release|Any CPU.ActiveCfg = Release|Any CPU
		{24DFA6DE-AB38-4785-A2AD-15B6AE29B1DD}.Release|Any CPU.Build.0 = Release|Any CPU
		{F38526D7-BC6F-482B-A2CE-83DECD1168F7}.Debug|Any CPU.ActiveCfg = Debug|Any CPU
		{F38526D7-BC6F-482B-A2CE-83DECD1168F7}.Debug|Any CPU.Build.0 = Debug|Any CPU
		{F38526D7-BC6F-482B-A2CE-83DECD1168F7}.Release|Any CPU.ActiveCfg = Release|Any CPU
		{F38526D7-BC6F-482B-A2CE-83DECD1168F7}.Release|Any CPU.Build.0 = Release|Any CPU
	EndGlobalSection
	GlobalSection(SolutionProperties) = preSolution
		HideSolutionNode = FALSE
	EndGlobalSection
	GlobalSection(ExtensibilityGlobals) = postSolution
		SolutionGuid = {ED198E79-FCE2-4C57-8A64-F448EF42A808}
	EndGlobalSection
EndGlobal
